
Microsoft Visual Studio Solution File, Format Version 12.00
# Visual Studio Version 17
VisualStudioVersion = 17.0.31903.59
MinimumVisualStudioVersion = 10.0.40219.1
Project("{FAE04EC0-301F-11D3-BF4B-00C04F79EFBC}") = "NotificationService.Core", "NotificationService.Core\NotificationService.Core.csproj", "{FF5E9E11-0AE7-4E85-8BCB-285ABC2D5CCF}"
EndProject
Project("{FAE04EC0-301F-11D3-BF4B-00C04F79EFBC}") = "NotificationService.Infrastructure", "NotificationService.Infrastructure\NotificationService.Infrastructure.csproj", "{AD076E4B-093E-4D6B-BD65-422F8CFF7A73}"
EndProject
Project("{FAE04EC0-301F-11D3-BF4B-00C04F79EFBC}") = "NotificationService.Api", "NotificationService.Api\NotificationService.Api.csproj", "{AF938FC4-67D5-4180-AD66-B9FB0BADB379}"
EndProject
Project("{FAE04EC0-301F-11D3-BF4B-00C04F79EFBC}") = "NotificationService.Application", "NotificationService.Application\NotificationService.Application.csproj", "{D29D020C-6239-4EAD-BEAA-6528BFA051A4}"
EndProject
Global
	GlobalSection(SolutionConfigurationPlatforms) = preSolution
		Debug|Any CPU = Debug|Any CPU
		Debug|x64 = Debug|x64
		Debug|x86 = Debug|x86
		Release|Any CPU = Release|Any CPU
		Release|x64 = Release|x64
		Release|x86 = Release|x86
	EndGlobalSection
	GlobalSection(ProjectConfigurationPlatforms) = postSolution
		{FF5E9E11-0AE7-4E85-8BCB-285ABC2D5CCF}.Debug|Any CPU.ActiveCfg = Debug|Any CPU
		{FF5E9E11-0AE7-4E85-8BCB-285ABC2D5CCF}.Debug|Any CPU.Build.0 = Debug|Any CPU
		{FF5E9E11-0AE7-4E85-8BCB-285ABC2D5CCF}.Debug|x64.ActiveCfg = Debug|Any CPU
		{FF5E9E11-0AE7-4E85-8BCB-285ABC2D5CCF}.Debug|x64.Build.0 = Debug|Any CPU
		{FF5E9E11-0AE7-4E85-8BCB-285ABC2D5CCF}.Debug|x86.ActiveCfg = Debug|Any CPU
		{FF5E9E11-0AE7-4E85-8BCB-285ABC2D5CCF}.Debug|x86.Build.0 = Debug|Any CPU
		{FF5E9E11-0AE7-4E85-8BCB-285ABC2D5CCF}.Release|Any CPU.ActiveCfg = Release|Any CPU
		{FF5E9E11-0AE7-4E85-8BCB-285ABC2D5CCF}.Release|Any CPU.Build.0 = Release|Any CPU
		{FF5E9E11-0AE7-4E85-8BCB-285ABC2D5CCF}.Release|x64.ActiveCfg = Release|Any CPU
		{FF5E9E11-0AE7-4E85-8BCB-285ABC2D5CCF}.Release|x64.Build.0 = Release|Any CPU
		{FF5E9E11-0AE7-4E85-8BCB-285ABC2D5CCF}.Release|x86.ActiveCfg = Release|Any CPU
		{FF5E9E11-0AE7-4E85-8BCB-285ABC2D5CCF}.Release|x86.Build.0 = Release|Any CPU
		{AD076E4B-093E-4D6B-BD65-422F8CFF7A73}.Debug|Any CPU.ActiveCfg = Debug|Any CPU
		{AD076E4B-093E-4D6B-BD65-422F8CFF7A73}.Debug|Any CPU.Build.0 = Debug|Any CPU
		{AD076E4B-093E-4D6B-BD65-422F8CFF7A73}.Debug|x64.ActiveCfg = Debug|Any CPU
		{AD076E4B-093E-4D6B-BD65-422F8CFF7A73}.Debug|x64.Build.0 = Debug|Any CPU
		{AD076E4B-093E-4D6B-BD65-422F8CFF7A73}.Debug|x86.ActiveCfg = Debug|Any CPU
		{AD076E4B-093E-4D6B-BD65-422F8CFF7A73}.Debug|x86.Build.0 = Debug|Any CPU
		{AD076E4B-093E-4D6B-BD65-422F8CFF7A73}.Release|Any CPU.ActiveCfg = Release|Any CPU
		{AD076E4B-093E-4D6B-BD65-422F8CFF7A73}.Release|Any CPU.Build.0 = Release|Any CPU
		{AD076E4B-093E-4D6B-BD65-422F8CFF7A73}.Release|x64.ActiveCfg = Release|Any CPU
		{AD076E4B-093E-4D6B-BD65-422F8CFF7A73}.Release|x64.Build.0 = Release|Any CPU
		{AD076E4B-093E-4D6B-BD65-422F8CFF7A73}.Release|x86.ActiveCfg = Release|Any CPU
		{AD076E4B-093E-4D6B-BD65-422F8CFF7A73}.Release|x86.Build.0 = Release|Any CPU
		{AF938FC4-67D5-4180-AD66-B9FB0BADB379}.Debug|Any CPU.ActiveCfg = Debug|Any CPU
		{AF938FC4-67D5-4180-AD66-B9FB0BADB379}.Debug|Any CPU.Build.0 = Debug|Any CPU
		{AF938FC4-67D5-4180-AD66-B9FB0BADB379}.Debug|x64.ActiveCfg = Debug|Any CPU
		{AF938FC4-67D5-4180-AD66-B9FB0BADB379}.Debug|x64.Build.0 = Debug|Any CPU
		{AF938FC4-67D5-4180-AD66-B9FB0BADB379}.Debug|x86.ActiveCfg = Debug|Any CPU
		{AF938FC4-67D5-4180-AD66-B9FB0BADB379}.Debug|x86.Build.0 = Debug|Any CPU
		{AF938FC4-67D5-4180-AD66-B9FB0BADB379}.Release|Any CPU.ActiveCfg = Release|Any CPU
		{AF938FC4-67D5-4180-AD66-B9FB0BADB379}.Release|Any CPU.Build.0 = Release|Any CPU
		{AF938FC4-67D5-4180-AD66-B9FB0BADB379}.Release|x64.ActiveCfg = Release|Any CPU
		{AF938FC4-67D5-4180-AD66-B9FB0BADB379}.Release|x64.Build.0 = Release|Any CPU
		{AF938FC4-67D5-4180-AD66-B9FB0BADB379}.Release|x86.ActiveCfg = Release|Any CPU
		{AF938FC4-67D5-4180-AD66-B9FB0BADB379}.Release|x86.Build.0 = Release|Any CPU
		{D29D020C-6239-4EAD-BEAA-6528BFA051A4}.Debug|Any CPU.ActiveCfg = Debug|Any CPU
		{D29D020C-6239-4EAD-BEAA-6528BFA051A4}.Debug|Any CPU.Build.0 = Debug|Any CPU
		{D29D020C-6239-4EAD-BEAA-6528BFA051A4}.Debug|x64.ActiveCfg = Debug|Any CPU
		{D29D020C-6239-4EAD-BEAA-6528BFA051A4}.Debug|x64.Build.0 = Debug|Any CPU
		{D29D020C-6239-4EAD-BEAA-6528BFA051A4}.Debug|x86.ActiveCfg = Debug|Any CPU
		{D29D020C-6239-4EAD-BEAA-6528BFA051A4}.Debug|x86.Build.0 = Debug|Any CPU
		{D29D020C-6239-4EAD-BEAA-6528BFA051A4}.Release|Any CPU.ActiveCfg = Release|Any CPU
		{D29D020C-6239-4EAD-BEAA-6528BFA051A4}.Release|Any CPU.Build.0 = Release|Any CPU
		{D29D020C-6239-4EAD-BEAA-6528BFA051A4}.Release|x64.ActiveCfg = Release|Any CPU
		{D29D020C-6239-4EAD-BEAA-6528BFA051A4}.Release|x64.Build.0 = Release|Any CPU
		{D29D020C-6239-4EAD-BEAA-6528BFA051A4}.Release|x86.ActiveCfg = Release|Any CPU
		{D29D020C-6239-4EAD-BEAA-6528BFA051A4}.Release|x86.Build.0 = Release|Any CPU
	EndGlobalSection
	GlobalSection(SolutionProperties) = preSolution
		HideSolutionNode = FALSE
	EndGlobalSection
EndGlobal
